
Microsoft Visual Studio Solution File, Format Version 12.00
# Visual Studio Version 17
VisualStudioVersion = 17.8.34408.163
MinimumVisualStudioVersion = 10.0.40219.1
Project("{FAE04EC0-301F-11D3-BF4B-00C04F79EFBC}") = "S.T.A.L.K.E.R", "S.T.A.L.K.E.R.\S.T.A.L.K.E.R.csproj", "{468041E1-B5C4-4173-AADF-7823416E5622}"
EndProject
Global
	GlobalSection(SolutionConfigurationPlatforms) = preSolution
		Debug|Any CPU = Debug|Any CPU
		Release|Any CPU = Release|Any CPU
	EndGlobalSection
	GlobalSection(ProjectConfigurationPlatforms) = postSolution
		{468041E1-B5C4-4173-AADF-7823416E5622}.Debug|Any CPU.ActiveCfg = Debug|Any CPU
		{468041E1-B5C4-4173-AADF-7823416E5622}.Debug|Any CPU.Build.0 = Debug|Any CPU
		{468041E1-B5C4-4173-AADF-7823416E5622}.Release|Any CPU.ActiveCfg = Release|Any CPU
		{468041E1-B5C4-4173-AADF-7823416E5622}.Release|Any CPU.Build.0 = Release|Any CPU
	EndGlobalSection
	GlobalSection(SolutionProperties) = preSolution
		HideSolutionNode = FALSE
	EndGlobalSection
	GlobalSection(ExtensibilityGlobals) = postSolution
		SolutionGuid = {19258049-DC70-48A8-ABAC-7B21BDA21D2C}
	EndGlobalSection
EndGlobal
